
Microsoft Visual Studio Solution File, Format Version 12.00
# Visual Studio Version 16
VisualStudioVersion = 16.0.31624.102
MinimumVisualStudioVersion = 10.0.40219.1
Project("{9A19103F-16F7-4668-BE54-9A1E7A4F7556}") = "Examples", "Examples\Examples.csproj", "{D3AC79CE-7EAD-4558-9D37-26C8F55D5B3B}"
EndProject
Project("{9A19103F-16F7-4668-BE54-9A1E7A4F7556}") = "Patterns", "Patterns\Patterns.csproj", "{8D75EB30-1A99-4ED5-9AE2-59EDB0033675}"
EndProject
Project("{9A19103F-16F7-4668-BE54-9A1E7A4F7556}") = "LinqExamples", "LinqExamples\LinqExamples.csproj", "{E2E81761-523A-4B2C-9D8B-17D599A2DB20}"
EndProject
Project("{9A19103F-16F7-4668-BE54-9A1E7A4F7556}") = "Algorithm", "Algorithm\Algorithm.csproj", "{270D33F8-0235-4A2E-8F8D-FBA2E9619DFE}"
EndProject
Project("{9A19103F-16F7-4668-BE54-9A1E7A4F7556}") = "DataStructure", "DataStructure\DataStructure.csproj", "{866DB095-F86A-4BDD-BED8-CA90C11BDB3C}"
EndProject
Project("{9A19103F-16F7-4668-BE54-9A1E7A4F7556}") = "ExpressionTrees", "ExpressionTrees\ExpressionTrees.csproj", "{F2519DA1-2872-4AD6-AB06-F869205FC694}"
EndProject
Project("{9A19103F-16F7-4668-BE54-9A1E7A4F7556}") = "Generics", "Generics\Generics.csproj", "{53C6B514-BEF9-4AE7-869C-E388BECF1F8F}"
EndProject
Project("{9A19103F-16F7-4668-BE54-9A1E7A4F7556}") = "Delegates", "Delegates\Delegates.csproj", "{D56A4285-D275-4443-BB38-4F8767908B40}"
EndProject
Project("{9A19103F-16F7-4668-BE54-9A1E7A4F7556}") = "Z", "Z\Z.csproj", "{156A92A9-F64F-4DF7-8A82-17B3B3F9C5A4}"
EndProject
Project("{9A19103F-16F7-4668-BE54-9A1E7A4F7556}") = "MultiThreading", "MultiThreading\MultiThreading.csproj", "{D2AEA43F-41FE-4E33-A794-AAD162E35E15}"
EndProject
Project("{9A19103F-16F7-4668-BE54-9A1E7A4F7556}") = "AsyncBreakfast", "AsyncBreakfast\AsyncBreakfast.csproj", "{E09211D7-4B2E-4920-B5AD-4707D4BBD05D}"
EndProject
Project("{9A19103F-16F7-4668-BE54-9A1E7A4F7556}") = "Serialization", "Serialization\Serialization.csproj", "{E9086B9F-E6BE-4790-B5EB-D2EF7EF59CFB}"
EndProject
Project("{FAE04EC0-301F-11D3-BF4B-00C04F79EFBC}") = "CommandPattern", "CommandPattern\CommandPattern.csproj", "{F27F13C2-D501-4193-999E-D8BEA4C7CC48}"
EndProject
Global
	GlobalSection(SolutionConfigurationPlatforms) = preSolution
		Debug|Any CPU = Debug|Any CPU
		Release|Any CPU = Release|Any CPU
	EndGlobalSection
	GlobalSection(ProjectConfigurationPlatforms) = postSolution
		{D3AC79CE-7EAD-4558-9D37-26C8F55D5B3B}.Debug|Any CPU.ActiveCfg = Debug|Any CPU
		{D3AC79CE-7EAD-4558-9D37-26C8F55D5B3B}.Debug|Any CPU.Build.0 = Debug|Any CPU
		{D3AC79CE-7EAD-4558-9D37-26C8F55D5B3B}.Release|Any CPU.ActiveCfg = Release|Any CPU
		{D3AC79CE-7EAD-4558-9D37-26C8F55D5B3B}.Release|Any CPU.Build.0 = Release|Any CPU
		{8D75EB30-1A99-4ED5-9AE2-59EDB0033675}.Debug|Any CPU.ActiveCfg = Debug|Any CPU
		{8D75EB30-1A99-4ED5-9AE2-59EDB0033675}.Debug|Any CPU.Build.0 = Debug|Any CPU
		{8D75EB30-1A99-4ED5-9AE2-59EDB0033675}.Release|Any CPU.ActiveCfg = Release|Any CPU
		{8D75EB30-1A99-4ED5-9AE2-59EDB0033675}.Release|Any CPU.Build.0 = Release|Any CPU
		{E2E81761-523A-4B2C-9D8B-17D599A2DB20}.Debug|Any CPU.ActiveCfg = Debug|Any CPU
		{E2E81761-523A-4B2C-9D8B-17D599A2DB20}.Debug|Any CPU.Build.0 = Debug|Any CPU
		{E2E81761-523A-4B2C-9D8B-17D599A2DB20}.Release|Any CPU.ActiveCfg = Release|Any CPU
		{E2E81761-523A-4B2C-9D8B-17D599A2DB20}.Release|Any CPU.Build.0 = Release|Any CPU
		{270D33F8-0235-4A2E-8F8D-FBA2E9619DFE}.Debug|Any CPU.ActiveCfg = Debug|Any CPU
		{270D33F8-0235-4A2E-8F8D-FBA2E9619DFE}.Debug|Any CPU.Build.0 = Debug|Any CPU
		{270D33F8-0235-4A2E-8F8D-FBA2E9619DFE}.Release|Any CPU.ActiveCfg = Release|Any CPU
		{270D33F8-0235-4A2E-8F8D-FBA2E9619DFE}.Release|Any CPU.Build.0 = Release|Any CPU
		{866DB095-F86A-4BDD-BED8-CA90C11BDB3C}.Debug|Any CPU.ActiveCfg = Debug|Any CPU
		{866DB095-F86A-4BDD-BED8-CA90C11BDB3C}.Debug|Any CPU.Build.0 = Debug|Any CPU
		{866DB095-F86A-4BDD-BED8-CA90C11BDB3C}.Release|Any CPU.ActiveCfg = Release|Any CPU
		{866DB095-F86A-4BDD-BED8-CA90C11BDB3C}.Release|Any CPU.Build.0 = Release|Any CPU
		{F2519DA1-2872-4AD6-AB06-F869205FC694}.Debug|Any CPU.ActiveCfg = Debug|Any CPU
		{F2519DA1-2872-4AD6-AB06-F869205FC694}.Debug|Any CPU.Build.0 = Debug|Any CPU
		{F2519DA1-2872-4AD6-AB06-F869205FC694}.Release|Any CPU.ActiveCfg = Release|Any CPU
		{F2519DA1-2872-4AD6-AB06-F869205FC694}.Release|Any CPU.Build.0 = Release|Any CPU
		{53C6B514-BEF9-4AE7-869C-E388BECF1F8F}.Debug|Any CPU.ActiveCfg = Debug|Any CPU
		{53C6B514-BEF9-4AE7-869C-E388BECF1F8F}.Debug|Any CPU.Build.0 = Debug|Any CPU
		{53C6B514-BEF9-4AE7-869C-E388BECF1F8F}.Release|Any CPU.ActiveCfg = Release|Any CPU
		{53C6B514-BEF9-4AE7-869C-E388BECF1F8F}.Release|Any CPU.Build.0 = Release|Any CPU
		{D56A4285-D275-4443-BB38-4F8767908B40}.Debug|Any CPU.ActiveCfg = Debug|Any CPU
		{D56A4285-D275-4443-BB38-4F8767908B40}.Debug|Any CPU.Build.0 = Debug|Any CPU
		{D56A4285-D275-4443-BB38-4F8767908B40}.Release|Any CPU.ActiveCfg = Release|Any CPU
		{D56A4285-D275-4443-BB38-4F8767908B40}.Release|Any CPU.Build.0 = Release|Any CPU
		{156A92A9-F64F-4DF7-8A82-17B3B3F9C5A4}.Debug|Any CPU.ActiveCfg = Debug|Any CPU
		{156A92A9-F64F-4DF7-8A82-17B3B3F9C5A4}.Debug|Any CPU.Build.0 = Debug|Any CPU
		{156A92A9-F64F-4DF7-8A82-17B3B3F9C5A4}.Release|Any CPU.ActiveCfg = Release|Any CPU
		{156A92A9-F64F-4DF7-8A82-17B3B3F9C5A4}.Release|Any CPU.Build.0 = Release|Any CPU
		{D2AEA43F-41FE-4E33-A794-AAD162E35E15}.Debug|Any CPU.ActiveCfg = Debug|Any CPU
		{D2AEA43F-41FE-4E33-A794-AAD162E35E15}.Debug|Any CPU.Build.0 = Debug|Any CPU
		{D2AEA43F-41FE-4E33-A794-AAD162E35E15}.Release|Any CPU.ActiveCfg = Release|Any CPU
		{D2AEA43F-41FE-4E33-A794-AAD162E35E15}.Release|Any CPU.Build.0 = Release|Any CPU
		{E09211D7-4B2E-4920-B5AD-4707D4BBD05D}.Debug|Any CPU.ActiveCfg = Debug|Any CPU
		{E09211D7-4B2E-4920-B5AD-4707D4BBD05D}.Debug|Any CPU.Build.0 = Debug|Any CPU
		{E09211D7-4B2E-4920-B5AD-4707D4BBD05D}.Release|Any CPU.ActiveCfg = Release|Any CPU
		{E09211D7-4B2E-4920-B5AD-4707D4BBD05D}.Release|Any CPU.Build.0 = Release|Any CPU
		{E9086B9F-E6BE-4790-B5EB-D2EF7EF59CFB}.Debug|Any CPU.ActiveCfg = Debug|Any CPU
		{E9086B9F-E6BE-4790-B5EB-D2EF7EF59CFB}.Debug|Any CPU.Build.0 = Debug|Any CPU
		{E9086B9F-E6BE-4790-B5EB-D2EF7EF59CFB}.Release|Any CPU.ActiveCfg = Release|Any CPU
		{E9086B9F-E6BE-4790-B5EB-D2EF7EF59CFB}.Release|Any CPU.Build.0 = Release|Any CPU
		{F27F13C2-D501-4193-999E-D8BEA4C7CC48}.Debug|Any CPU.ActiveCfg = Debug|Any CPU
		{F27F13C2-D501-4193-999E-D8BEA4C7CC48}.Debug|Any CPU.Build.0 = Debug|Any CPU
		{F27F13C2-D501-4193-999E-D8BEA4C7CC48}.Release|Any CPU.ActiveCfg = Release|Any CPU
		{F27F13C2-D501-4193-999E-D8BEA4C7CC48}.Release|Any CPU.Build.0 = Release|Any CPU
	EndGlobalSection
	GlobalSection(SolutionProperties) = preSolution
		HideSolutionNode = FALSE
	EndGlobalSection
	GlobalSection(ExtensibilityGlobals) = postSolution
		SolutionGuid = {79269E14-4A7A-4ED6-9495-60025C19C76F}
	EndGlobalSection
EndGlobal
